
Microsoft Visual Studio Solution File, Format Version 12.00
# Visual Studio Version 17
VisualStudioVersion = 17.9.34902.65
MinimumVisualStudioVersion = 10.0.40219.1
Project("{9A19103F-16F7-4668-BE54-9A1E7A4F7556}") = "RecipeWinforms", "RecipeWinforms\RecipeWinforms.csproj", "{D1BF1D44-B731-4E64-8BD8-180D521E6764}"
EndProject
Project("{9A19103F-16F7-4668-BE54-9A1E7A4F7556}") = "CPUFramework", "..\..\CPUFramework\CPUFramework.csproj", "{3FF30A4C-0090-4623-A0A8-C399F50900C5}"
EndProject
Project("{9A19103F-16F7-4668-BE54-9A1E7A4F7556}") = "CPUWindowsFormsFramework", "..\..\CPUWindowsFormsFramework\CPUWindowsFormsFramework.csproj", "{54EDE6C3-EC12-4311-A9FB-3C45613F2825}"
EndProject
Project("{9A19103F-16F7-4668-BE54-9A1E7A4F7556}") = "RecipeSystem", "RecipeSystem\RecipeSystem.csproj", "{638BB2DF-8448-4482-ABFA-23D8F6ACF3E4}"
EndProject
Project("{9A19103F-16F7-4668-BE54-9A1E7A4F7556}") = "RecipeTest", "RecipeTest\RecipeTest.csproj", "{06AE62BC-A286-48B2-B3EF-57FF7A3CBD42}"
EndProject
Project("{FAE04EC0-301F-11D3-BF4B-00C04F79EFBC}") = "RecipeMAUI", "RecipeMAUI\RecipeMAUI.csproj", "{FEC6999A-2C9A-4464-92A0-443E837F377A}"
EndProject
Global
	GlobalSection(SolutionConfigurationPlatforms) = preSolution
		Debug|Any CPU = Debug|Any CPU
		Release|Any CPU = Release|Any CPU
	EndGlobalSection
	GlobalSection(ProjectConfigurationPlatforms) = postSolution
		{D1BF1D44-B731-4E64-8BD8-180D521E6764}.Debug|Any CPU.ActiveCfg = Debug|Any CPU
		{D1BF1D44-B731-4E64-8BD8-180D521E6764}.Debug|Any CPU.Build.0 = Debug|Any CPU
		{D1BF1D44-B731-4E64-8BD8-180D521E6764}.Release|Any CPU.ActiveCfg = Release|Any CPU
		{D1BF1D44-B731-4E64-8BD8-180D521E6764}.Release|Any CPU.Build.0 = Release|Any CPU
		{3FF30A4C-0090-4623-A0A8-C399F50900C5}.Debug|Any CPU.ActiveCfg = Debug|Any CPU
		{3FF30A4C-0090-4623-A0A8-C399F50900C5}.Debug|Any CPU.Build.0 = Debug|Any CPU
		{3FF30A4C-0090-4623-A0A8-C399F50900C5}.Release|Any CPU.ActiveCfg = Release|Any CPU
		{3FF30A4C-0090-4623-A0A8-C399F50900C5}.Release|Any CPU.Build.0 = Release|Any CPU
		{54EDE6C3-EC12-4311-A9FB-3C45613F2825}.Debug|Any CPU.ActiveCfg = Debug|Any CPU
		{54EDE6C3-EC12-4311-A9FB-3C45613F2825}.Debug|Any CPU.Build.0 = Debug|Any CPU
		{54EDE6C3-EC12-4311-A9FB-3C45613F2825}.Release|Any CPU.ActiveCfg = Release|Any CPU
		{54EDE6C3-EC12-4311-A9FB-3C45613F2825}.Release|Any CPU.Build.0 = Release|Any CPU
		{638BB2DF-8448-4482-ABFA-23D8F6ACF3E4}.Debug|Any CPU.ActiveCfg = Debug|Any CPU
		{638BB2DF-8448-4482-ABFA-23D8F6ACF3E4}.Debug|Any CPU.Build.0 = Debug|Any CPU
		{638BB2DF-8448-4482-ABFA-23D8F6ACF3E4}.Release|Any CPU.ActiveCfg = Release|Any CPU
		{638BB2DF-8448-4482-ABFA-23D8F6ACF3E4}.Release|Any CPU.Build.0 = Release|Any CPU
		{06AE62BC-A286-48B2-B3EF-57FF7A3CBD42}.Debug|Any CPU.ActiveCfg = Debug|Any CPU
		{06AE62BC-A286-48B2-B3EF-57FF7A3CBD42}.Debug|Any CPU.Build.0 = Debug|Any CPU
		{06AE62BC-A286-48B2-B3EF-57FF7A3CBD42}.Release|Any CPU.ActiveCfg = Release|Any CPU
		{06AE62BC-A286-48B2-B3EF-57FF7A3CBD42}.Release|Any CPU.Build.0 = Release|Any CPU
		{FEC6999A-2C9A-4464-92A0-443E837F377A}.Debug|Any CPU.ActiveCfg = Debug|Any CPU
		{FEC6999A-2C9A-4464-92A0-443E837F377A}.Debug|Any CPU.Build.0 = Debug|Any CPU
		{FEC6999A-2C9A-4464-92A0-443E837F377A}.Debug|Any CPU.Deploy.0 = Debug|Any CPU
		{FEC6999A-2C9A-4464-92A0-443E837F377A}.Release|Any CPU.ActiveCfg = Release|Any CPU
		{FEC6999A-2C9A-4464-92A0-443E837F377A}.Release|Any CPU.Build.0 = Release|Any CPU
	EndGlobalSection
	GlobalSection(SolutionProperties) = preSolution
		HideSolutionNode = FALSE
	EndGlobalSection
	GlobalSection(ExtensibilityGlobals) = postSolution
		SolutionGuid = {E19DE2C2-C9CE-44EE-9E4F-98FF23B4B03B}
	EndGlobalSection
EndGlobal
